
Microsoft Visual Studio Solution File, Format Version 12.00
# Visual Studio Version 17
VisualStudioVersion = 17.0.31912.275
MinimumVisualStudioVersion = 10.0.40219.1
Project("{FAE04EC0-301F-11D3-BF4B-00C04F79EFBC}") = "RPS_Final_Version", "RPS_Final_Version\RPS_Final_Version.csproj", "{47EBC8E3-F059-44AA-95BF-4E7270AFF957}"
EndProject
Global
	GlobalSection(SolutionConfigurationPlatforms) = preSolution
		Debug|Any CPU = Debug|Any CPU
		Release|Any CPU = Release|Any CPU
	EndGlobalSection
	GlobalSection(ProjectConfigurationPlatforms) = postSolution
		{47EBC8E3-F059-44AA-95BF-4E7270AFF957}.Debug|Any CPU.ActiveCfg = Debug|Any CPU
		{47EBC8E3-F059-44AA-95BF-4E7270AFF957}.Debug|Any CPU.Build.0 = Debug|Any CPU
		{47EBC8E3-F059-44AA-95BF-4E7270AFF957}.Release|Any CPU.ActiveCfg = Release|Any CPU
		{47EBC8E3-F059-44AA-95BF-4E7270AFF957}.Release|Any CPU.Build.0 = Release|Any CPU
	EndGlobalSection
	GlobalSection(SolutionProperties) = preSolution
		HideSolutionNode = FALSE
	EndGlobalSection
	GlobalSection(ExtensibilityGlobals) = postSolution
		SolutionGuid = {9F282404-CFE2-49E6-8DDB-257EFD8404E9}
	EndGlobalSection
EndGlobal
